
Microsoft Visual Studio Solution File, Format Version 12.00
# Visual Studio 15
VisualStudioVersion = 15.0.27130.2027
MinimumVisualStudioVersion = 10.0.40219.1
Project("{FAE04EC0-301F-11D3-BF4B-00C04F79EFBC}") = "ConsoleApp1", "ConsoleApp1\ConsoleApp1.csproj", "{ACABAD8F-FD5B-499B-9147-F3ACB4E3526D}"
EndProject
Global
	GlobalSection(SolutionConfigurationPlatforms) = preSolution
		Debug|Any CPU = Debug|Any CPU
		Release|Any CPU = Release|Any CPU
	EndGlobalSection
	GlobalSection(ProjectConfigurationPlatforms) = postSolution
		{ACABAD8F-FD5B-499B-9147-F3ACB4E3526D}.Debug|Any CPU.ActiveCfg = Debug|Any CPU
		{ACABAD8F-FD5B-499B-9147-F3ACB4E3526D}.Debug|Any CPU.Build.0 = Debug|Any CPU
		{ACABAD8F-FD5B-499B-9147-F3ACB4E3526D}.Release|Any CPU.ActiveCfg = Release|Any CPU
		{ACABAD8F-FD5B-499B-9147-F3ACB4E3526D}.Release|Any CPU.Build.0 = Release|Any CPU
	EndGlobalSection
	GlobalSection(SolutionProperties) = preSolution
		HideSolutionNode = FALSE
	EndGlobalSection
	GlobalSection(ExtensibilityGlobals) = postSolution
		SolutionGuid = {E62D7189-91B5-4ED4-B30E-9948A9F941DC}
	EndGlobalSection
EndGlobal
